
Microsoft Visual Studio Solution File, Format Version 12.00
# Visual Studio 14
VisualStudioVersion = 14.0.25420.1
MinimumVisualStudioVersion = 10.0.40219.1
Project("{FAE04EC0-301F-11D3-BF4B-00C04F79EFBC}") = "EditorBorder", "EditorBorder\EditorBorder\EditorBorder.csproj", "{1A2151D0-BD20-4142-B936-62204090D395}"
EndProject
Project("{FAE04EC0-301F-11D3-BF4B-00C04F79EFBC}") = "EditorBorder.Droid", "EditorBorder\EditorBorder.Droid\EditorBorder.Droid.csproj", "{041A7B97-BA8B-4AD3-8ADE-8912CC298CCF}"
EndProject
Project("{FAE04EC0-301F-11D3-BF4B-00C04F79EFBC}") = "EditorBorder.iOS", "EditorBorder\EditorBorder.iOS\EditorBorder.iOS.csproj", "{6D0AB9DA-8C73-4066-8353-59DA87A64E39}"
EndProject
Project("{FAE04EC0-301F-11D3-BF4B-00C04F79EFBC}") = "EditorBorder.UWP", "EditorBorder\EditorBorder.UWP\EditorBorder.UWP.csproj", "{E4C4A92B-D71F-49B4-AB76-3F9375877325}"
EndProject
Global
	GlobalSection(SolutionConfigurationPlatforms) = preSolution
		Ad-Hoc|Any CPU = Ad-Hoc|Any CPU
		Ad-Hoc|ARM = Ad-Hoc|ARM
		Ad-Hoc|iPhone = Ad-Hoc|iPhone
		Ad-Hoc|iPhoneSimulator = Ad-Hoc|iPhoneSimulator
		Ad-Hoc|x64 = Ad-Hoc|x64
		Ad-Hoc|x86 = Ad-Hoc|x86
		AppStore|Any CPU = AppStore|Any CPU
		AppStore|ARM = AppStore|ARM
		AppStore|iPhone = AppStore|iPhone
		AppStore|iPhoneSimulator = AppStore|iPhoneSimulator
		AppStore|x64 = AppStore|x64
		AppStore|x86 = AppStore|x86
		Debug|Any CPU = Debug|Any CPU
		Debug|ARM = Debug|ARM
		Debug|iPhone = Debug|iPhone
		Debug|iPhoneSimulator = Debug|iPhoneSimulator
		Debug|x64 = Debug|x64
		Debug|x86 = Debug|x86
		Release|Any CPU = Release|Any CPU
		Release|ARM = Release|ARM
		Release|iPhone = Release|iPhone
		Release|iPhoneSimulator = Release|iPhoneSimulator
		Release|x64 = Release|x64
		Release|x86 = Release|x86
	EndGlobalSection
	GlobalSection(ProjectConfigurationPlatforms) = postSolution
		{1A2151D0-BD20-4142-B936-62204090D395}.Ad-Hoc|Any CPU.ActiveCfg = Release|Any CPU
		{1A2151D0-BD20-4142-B936-62204090D395}.Ad-Hoc|Any CPU.Build.0 = Release|Any CPU
		{1A2151D0-BD20-4142-B936-62204090D395}.Ad-Hoc|ARM.ActiveCfg = Release|Any CPU
		{1A2151D0-BD20-4142-B936-62204090D395}.Ad-Hoc|ARM.Build.0 = Release|Any CPU
		{1A2151D0-BD20-4142-B936-62204090D395}.Ad-Hoc|iPhone.ActiveCfg = Release|Any CPU
		{1A2151D0-BD20-4142-B936-62204090D395}.Ad-Hoc|iPhone.Build.0 = Release|Any CPU
		{1A2151D0-BD20-4142-B936-62204090D395}.Ad-Hoc|iPhoneSimulator.ActiveCfg = Release|Any CPU
		{1A2151D0-BD20-4142-B936-62204090D395}.Ad-Hoc|iPhoneSimulator.Build.0 = Release|Any CPU
		{1A2151D0-BD20-4142-B936-62204090D395}.Ad-Hoc|x64.ActiveCfg = Release|Any CPU
		{1A2151D0-BD20-4142-B936-62204090D395}.Ad-Hoc|x64.Build.0 = Release|Any CPU
		{1A2151D0-BD20-4142-B936-62204090D395}.Ad-Hoc|x86.ActiveCfg = Release|Any CPU
		{1A2151D0-BD20-4142-B936-62204090D395}.Ad-Hoc|x86.Build.0 = Release|Any CPU
		{1A2151D0-BD20-4142-B936-62204090D395}.AppStore|Any CPU.ActiveCfg = Release|Any CPU
		{1A2151D0-BD20-4142-B936-62204090D395}.AppStore|Any CPU.Build.0 = Release|Any CPU
		{1A2151D0-BD20-4142-B936-62204090D395}.AppStore|ARM.ActiveCfg = Release|Any CPU
		{1A2151D0-BD20-4142-B936-62204090D395}.AppStore|ARM.Build.0 = Release|Any CPU
		{1A2151D0-BD20-4142-B936-62204090D395}.AppStore|iPhone.ActiveCfg = Release|Any CPU
		{1A2151D0-BD20-4142-B936-62204090D395}.AppStore|iPhone.Build.0 = Release|Any CPU
		{1A2151D0-BD20-4142-B936-62204090D395}.AppStore|iPhoneSimulator.ActiveCfg = Release|Any CPU
		{1A2151D0-BD20-4142-B936-62204090D395}.AppStore|iPhoneSimulator.Build.0 = Release|Any CPU
		{1A2151D0-BD20-4142-B936-62204090D395}.AppStore|x64.ActiveCfg = Release|Any CPU
		{1A2151D0-BD20-4142-B936-62204090D395}.AppStore|x64.Build.0 = Release|Any CPU
		{1A2151D0-BD20-4142-B936-62204090D395}.AppStore|x86.ActiveCfg = Release|Any CPU
		{1A2151D0-BD20-4142-B936-62204090D395}.AppStore|x86.Build.0 = Release|Any CPU
		{1A2151D0-BD20-4142-B936-62204090D395}.Debug|Any CPU.ActiveCfg = Debug|Any CPU
		{1A2151D0-BD20-4142-B936-62204090D395}.Debug|Any CPU.Build.0 = Debug|Any CPU
		{1A2151D0-BD20-4142-B936-62204090D395}.Debug|ARM.ActiveCfg = Debug|Any CPU
		{1A2151D0-BD20-4142-B936-62204090D395}.Debug|ARM.Build.0 = Debug|Any CPU
		{1A2151D0-BD20-4142-B936-62204090D395}.Debug|iPhone.ActiveCfg = Debug|Any CPU
		{1A2151D0-BD20-4142-B936-62204090D395}.Debug|iPhone.Build.0 = Debug|Any CPU
		{1A2151D0-BD20-4142-B936-62204090D395}.Debug|iPhoneSimulator.ActiveCfg = Debug|Any CPU
		{1A2151D0-BD20-4142-B936-62204090D395}.Debug|iPhoneSimulator.Build.0 = Debug|Any CPU
		{1A2151D0-BD20-4142-B936-62204090D395}.Debug|x64.ActiveCfg = Debug|Any CPU
		{1A2151D0-BD20-4142-B936-62204090D395}.Debug|x64.Build.0 = Debug|Any CPU
		{1A2151D0-BD20-4142-B936-62204090D395}.Debug|x86.ActiveCfg = Debug|Any CPU
		{1A2151D0-BD20-4142-B936-62204090D395}.Debug|x86.Build.0 = Debug|Any CPU
		{1A2151D0-BD20-4142-B936-62204090D395}.Release|Any CPU.ActiveCfg = Release|Any CPU
		{1A2151D0-BD20-4142-B936-62204090D395}.Release|Any CPU.Build.0 = Release|Any CPU
		{1A2151D0-BD20-4142-B936-62204090D395}.Release|ARM.ActiveCfg = Release|Any CPU
		{1A2151D0-BD20-4142-B936-62204090D395}.Release|ARM.Build.0 = Release|Any CPU
		{1A2151D0-BD20-4142-B936-62204090D395}.Release|iPhone.ActiveCfg = Release|Any CPU
		{1A2151D0-BD20-4142-B936-62204090D395}.Release|iPhone.Build.0 = Release|Any CPU
		{1A2151D0-BD20-4142-B936-62204090D395}.Release|iPhoneSimulator.ActiveCfg = Release|Any CPU
		{1A2151D0-BD20-4142-B936-62204090D395}.Release|iPhoneSimulator.Build.0 = Release|Any CPU
		{1A2151D0-BD20-4142-B936-62204090D395}.Release|x64.ActiveCfg = Release|Any CPU
		{1A2151D0-BD20-4142-B936-62204090D395}.Release|x64.Build.0 = Release|Any CPU
		{1A2151D0-BD20-4142-B936-62204090D395}.Release|x86.ActiveCfg = Release|Any CPU
		{1A2151D0-BD20-4142-B936-62204090D395}.Release|x86.Build.0 = Release|Any CPU
		{041A7B97-BA8B-4AD3-8ADE-8912CC298CCF}.Ad-Hoc|Any CPU.ActiveCfg = Release|Any CPU
		{041A7B97-BA8B-4AD3-8ADE-8912CC298CCF}.Ad-Hoc|Any CPU.Build.0 = Release|Any CPU
		{041A7B97-BA8B-4AD3-8ADE-8912CC298CCF}.Ad-Hoc|Any CPU.Deploy.0 = Release|Any CPU
		{041A7B97-BA8B-4AD3-8ADE-8912CC298CCF}.Ad-Hoc|ARM.ActiveCfg = Release|Any CPU
		{041A7B97-BA8B-4AD3-8ADE-8912CC298CCF}.Ad-Hoc|ARM.Build.0 = Release|Any CPU
		{041A7B97-BA8B-4AD3-8ADE-8912CC298CCF}.Ad-Hoc|ARM.Deploy.0 = Release|Any CPU
		{041A7B97-BA8B-4AD3-8ADE-8912CC298CCF}.Ad-Hoc|iPhone.ActiveCfg = Release|Any CPU
		{041A7B97-BA8B-4AD3-8ADE-8912CC298CCF}.Ad-Hoc|iPhone.Build.0 = Release|Any CPU
		{041A7B97-BA8B-4AD3-8ADE-8912CC298CCF}.Ad-Hoc|iPhone.Deploy.0 = Release|Any CPU
		{041A7B97-BA8B-4AD3-8ADE-8912CC298CCF}.Ad-Hoc|iPhoneSimulator.ActiveCfg = Release|Any CPU
		{041A7B97-BA8B-4AD3-8ADE-8912CC298CCF}.Ad-Hoc|iPhoneSimulator.Build.0 = Release|Any CPU
		{041A7B97-BA8B-4AD3-8ADE-8912CC298CCF}.Ad-Hoc|iPhoneSimulator.Deploy.0 = Release|Any CPU
		{041A7B97-BA8B-4AD3-8ADE-8912CC298CCF}.Ad-Hoc|x64.ActiveCfg = Release|Any CPU
		{041A7B97-BA8B-4AD3-8ADE-8912CC298CCF}.Ad-Hoc|x64.Build.0 = Release|Any CPU
		{041A7B97-BA8B-4AD3-8ADE-8912CC298CCF}.Ad-Hoc|x64.Deploy.0 = Release|Any CPU
		{041A7B97-BA8B-4AD3-8ADE-8912CC298CCF}.Ad-Hoc|x86.ActiveCfg = Release|Any CPU
		{041A7B97-BA8B-4AD3-8ADE-8912CC298CCF}.Ad-Hoc|x86.Build.0 = Release|Any CPU
		{041A7B97-BA8B-4AD3-8ADE-8912CC298CCF}.Ad-Hoc|x86.Deploy.0 = Release|Any CPU
		{041A7B97-BA8B-4AD3-8ADE-8912CC298CCF}.AppStore|Any CPU.ActiveCfg = Release|Any CPU
		{041A7B97-BA8B-4AD3-8ADE-8912CC298CCF}.AppStore|Any CPU.Build.0 = Release|Any CPU
		{041A7B97-BA8B-4AD3-8ADE-8912CC298CCF}.AppStore|Any CPU.Deploy.0 = Release|Any CPU
		{041A7B97-BA8B-4AD3-8ADE-8912CC298CCF}.AppStore|ARM.ActiveCfg = Release|Any CPU
		{041A7B97-BA8B-4AD3-8ADE-8912CC298CCF}.AppStore|ARM.Build.0 = Release|Any CPU
		{041A7B97-BA8B-4AD3-8ADE-8912CC298CCF}.AppStore|ARM.Deploy.0 = Release|Any CPU
		{041A7B97-BA8B-4AD3-8ADE-8912CC298CCF}.AppStore|iPhone.ActiveCfg = Release|Any CPU
		{041A7B97-BA8B-4AD3-8ADE-8912CC298CCF}.AppStore|iPhone.Build.0 = Release|Any CPU
		{041A7B97-BA8B-4AD3-8ADE-8912CC298CCF}.AppStore|iPhone.Deploy.0 = Release|Any CPU
		{041A7B97-BA8B-4AD3-8ADE-8912CC298CCF}.AppStore|iPhoneSimulator.ActiveCfg = Release|Any CPU
		{041A7B97-BA8B-4AD3-8ADE-8912CC298CCF}.AppStore|iPhoneSimulator.Build.0 = Release|Any CPU
		{041A7B97-BA8B-4AD3-8ADE-8912CC298CCF}.AppStore|iPhoneSimulator.Deploy.0 = Release|Any CPU
		{041A7B97-BA8B-4AD3-8ADE-8912CC298CCF}.AppStore|x64.ActiveCfg = Release|Any CPU
		{041A7B97-BA8B-4AD3-8ADE-8912CC298CCF}.AppStore|x64.Build.0 = Release|Any CPU
		{041A7B97-BA8B-4AD3-8ADE-8912CC298CCF}.AppStore|x64.Deploy.0 = Release|Any CPU
		{041A7B97-BA8B-4AD3-8ADE-8912CC298CCF}.AppStore|x86.ActiveCfg = Release|Any CPU
		{041A7B97-BA8B-4AD3-8ADE-8912CC298CCF}.AppStore|x86.Build.0 = Release|Any CPU
		{041A7B97-BA8B-4AD3-8ADE-8912CC298CCF}.AppStore|x86.Deploy.0 = Release|Any CPU
		{041A7B97-BA8B-4AD3-8ADE-8912CC298CCF}.Debug|Any CPU.ActiveCfg = Debug|Any CPU
		{041A7B97-BA8B-4AD3-8ADE-8912CC298CCF}.Debug|Any CPU.Build.0 = Debug|Any CPU
		{041A7B97-BA8B-4AD3-8ADE-8912CC298CCF}.Debug|Any CPU.Deploy.0 = Debug|Any CPU
		{041A7B97-BA8B-4AD3-8ADE-8912CC298CCF}.Debug|ARM.ActiveCfg = Debug|Any CPU
		{041A7B97-BA8B-4AD3-8ADE-8912CC298CCF}.Debug|ARM.Build.0 = Debug|Any CPU
		{041A7B97-BA8B-4AD3-8ADE-8912CC298CCF}.Debug|ARM.Deploy.0 = Debug|Any CPU
		{041A7B97-BA8B-4AD3-8ADE-8912CC298CCF}.Debug|iPhone.ActiveCfg = Debug|Any CPU
		{041A7B97-BA8B-4AD3-8ADE-8912CC298CCF}.Debug|iPhone.Build.0 = Debug|Any CPU
		{041A7B97-BA8B-4AD3-8ADE-8912CC298CCF}.Debug|iPhone.Deploy.0 = Debug|Any CPU
		{041A7B97-BA8B-4AD3-8ADE-8912CC298CCF}.Debug|iPhoneSimulator.ActiveCfg = Debug|Any CPU
		{041A7B97-BA8B-4AD3-8ADE-8912CC298CCF}.Debug|iPhoneSimulator.Build.0 = Debug|Any CPU
		{041A7B97-BA8B-4AD3-8ADE-8912CC298CCF}.Debug|iPhoneSimulator.Deploy.0 = Debug|Any CPU
		{041A7B97-BA8B-4AD3-8ADE-8912CC298CCF}.Debug|x64.ActiveCfg = Debug|Any CPU
		{041A7B97-BA8B-4AD3-8ADE-8912CC298CCF}.Debug|x64.Build.0 = Debug|Any CPU
		{041A7B97-BA8B-4AD3-8ADE-8912CC298CCF}.Debug|x64.Deploy.0 = Debug|Any CPU
		{041A7B97-BA8B-4AD3-8ADE-8912CC298CCF}.Debug|x86.ActiveCfg = Debug|Any CPU
		{041A7B97-BA8B-4AD3-8ADE-8912CC298CCF}.Debug|x86.Build.0 = Debug|Any CPU
		{041A7B97-BA8B-4AD3-8ADE-8912CC298CCF}.Debug|x86.Deploy.0 = Debug|Any CPU
		{041A7B97-BA8B-4AD3-8ADE-8912CC298CCF}.Release|Any CPU.ActiveCfg = Release|Any CPU
		{041A7B97-BA8B-4AD3-8ADE-8912CC298CCF}.Release|Any CPU.Build.0 = Release|Any CPU
		{041A7B97-BA8B-4AD3-8ADE-8912CC298CCF}.Release|Any CPU.Deploy.0 = Release|Any CPU
		{041A7B97-BA8B-4AD3-8ADE-8912CC298CCF}.Release|ARM.ActiveCfg = Release|Any CPU
		{041A7B97-BA8B-4AD3-8ADE-8912CC298CCF}.Release|ARM.Build.0 = Release|Any CPU
		{041A7B97-BA8B-4AD3-8ADE-8912CC298CCF}.Release|ARM.Deploy.0 = Release|Any CPU
		{041A7B97-BA8B-4AD3-8ADE-8912CC298CCF}.Release|iPhone.ActiveCfg = Release|Any CPU
		{041A7B97-BA8B-4AD3-8ADE-8912CC298CCF}.Release|iPhone.Build.0 = Release|Any CPU
		{041A7B97-BA8B-4AD3-8ADE-8912CC298CCF}.Release|iPhone.Deploy.0 = Release|Any CPU
		{041A7B97-BA8B-4AD3-8ADE-8912CC298CCF}.Release|iPhoneSimulator.ActiveCfg = Release|Any CPU
		{041A7B97-BA8B-4AD3-8ADE-8912CC298CCF}.Release|iPhoneSimulator.Build.0 = Release|Any CPU
		{041A7B97-BA8B-4AD3-8ADE-8912CC298CCF}.Release|iPhoneSimulator.Deploy.0 = Release|Any CPU
		{041A7B97-BA8B-4AD3-8ADE-8912CC298CCF}.Release|x64.ActiveCfg = Release|Any CPU
		{041A7B97-BA8B-4AD3-8ADE-8912CC298CCF}.Release|x64.Build.0 = Release|Any CPU
		{041A7B97-BA8B-4AD3-8ADE-8912CC298CCF}.Release|x64.Deploy.0 = Release|Any CPU
		{041A7B97-BA8B-4AD3-8ADE-8912CC298CCF}.Release|x86.ActiveCfg = Release|Any CPU
		{041A7B97-BA8B-4AD3-8ADE-8912CC298CCF}.Release|x86.Build.0 = Release|Any CPU
		{041A7B97-BA8B-4AD3-8ADE-8912CC298CCF}.Release|x86.Deploy.0 = Release|Any CPU
		{6D0AB9DA-8C73-4066-8353-59DA87A64E39}.Ad-Hoc|Any CPU.ActiveCfg = Ad-Hoc|iPhone
		{6D0AB9DA-8C73-4066-8353-59DA87A64E39}.Ad-Hoc|ARM.ActiveCfg = Ad-Hoc|iPhone
		{6D0AB9DA-8C73-4066-8353-59DA87A64E39}.Ad-Hoc|iPhone.ActiveCfg = Ad-Hoc|iPhone
		{6D0AB9DA-8C73-4066-8353-59DA87A64E39}.Ad-Hoc|iPhone.Build.0 = Ad-Hoc|iPhone
		{6D0AB9DA-8C73-4066-8353-59DA87A64E39}.Ad-Hoc|iPhoneSimulator.ActiveCfg = Ad-Hoc|iPhoneSimulator
		{6D0AB9DA-8C73-4066-8353-59DA87A64E39}.Ad-Hoc|iPhoneSimulator.Build.0 = Ad-Hoc|iPhoneSimulator
		{6D0AB9DA-8C73-4066-8353-59DA87A64E39}.Ad-Hoc|x64.ActiveCfg = Ad-Hoc|iPhone
		{6D0AB9DA-8C73-4066-8353-59DA87A64E39}.Ad-Hoc|x86.ActiveCfg = Ad-Hoc|iPhone
		{6D0AB9DA-8C73-4066-8353-59DA87A64E39}.AppStore|Any CPU.ActiveCfg = AppStore|iPhone
		{6D0AB9DA-8C73-4066-8353-59DA87A64E39}.AppStore|ARM.ActiveCfg = AppStore|iPhone
		{6D0AB9DA-8C73-4066-8353-59DA87A64E39}.AppStore|iPhone.ActiveCfg = AppStore|iPhone
		{6D0AB9DA-8C73-4066-8353-59DA87A64E39}.AppStore|iPhone.Build.0 = AppStore|iPhone
		{6D0AB9DA-8C73-4066-8353-59DA87A64E39}.AppStore|iPhoneSimulator.ActiveCfg = AppStore|iPhoneSimulator
		{6D0AB9DA-8C73-4066-8353-59DA87A64E39}.AppStore|iPhoneSimulator.Build.0 = AppStore|iPhoneSimulator
		{6D0AB9DA-8C73-4066-8353-59DA87A64E39}.AppStore|x64.ActiveCfg = AppStore|iPhone
		{6D0AB9DA-8C73-4066-8353-59DA87A64E39}.AppStore|x86.ActiveCfg = AppStore|iPhone
		{6D0AB9DA-8C73-4066-8353-59DA87A64E39}.Debug|Any CPU.ActiveCfg = Debug|iPhone
		{6D0AB9DA-8C73-4066-8353-59DA87A64E39}.Debug|ARM.ActiveCfg = Debug|iPhone
		{6D0AB9DA-8C73-4066-8353-59DA87A64E39}.Debug|iPhone.ActiveCfg = Debug|iPhone
		{6D0AB9DA-8C73-4066-8353-59DA87A64E39}.Debug|iPhone.Build.0 = Debug|iPhone
		{6D0AB9DA-8C73-4066-8353-59DA87A64E39}.Debug|iPhoneSimulator.ActiveCfg = Debug|iPhoneSimulator
		{6D0AB9DA-8C73-4066-8353-59DA87A64E39}.Debug|iPhoneSimulator.Build.0 = Debug|iPhoneSimulator
		{6D0AB9DA-8C73-4066-8353-59DA87A64E39}.Debug|x64.ActiveCfg = Debug|iPhone
		{6D0AB9DA-8C73-4066-8353-59DA87A64E39}.Debug|x86.ActiveCfg = Debug|iPhone
		{6D0AB9DA-8C73-4066-8353-59DA87A64E39}.Release|Any CPU.ActiveCfg = Release|iPhone
		{6D0AB9DA-8C73-4066-8353-59DA87A64E39}.Release|ARM.ActiveCfg = Release|iPhone
		{6D0AB9DA-8C73-4066-8353-59DA87A64E39}.Release|iPhone.ActiveCfg = Release|iPhone
		{6D0AB9DA-8C73-4066-8353-59DA87A64E39}.Release|iPhone.Build.0 = Release|iPhone
		{6D0AB9DA-8C73-4066-8353-59DA87A64E39}.Release|iPhoneSimulator.ActiveCfg = Release|iPhoneSimulator
		{6D0AB9DA-8C73-4066-8353-59DA87A64E39}.Release|iPhoneSimulator.Build.0 = Release|iPhoneSimulator
		{6D0AB9DA-8C73-4066-8353-59DA87A64E39}.Release|x64.ActiveCfg = Release|iPhone
		{6D0AB9DA-8C73-4066-8353-59DA87A64E39}.Release|x86.ActiveCfg = Release|iPhone
		{E4C4A92B-D71F-49B4-AB76-3F9375877325}.Ad-Hoc|Any CPU.ActiveCfg = Release|x86
		{E4C4A92B-D71F-49B4-AB76-3F9375877325}.Ad-Hoc|Any CPU.Build.0 = Release|x86
		{E4C4A92B-D71F-49B4-AB76-3F9375877325}.Ad-Hoc|Any CPU.Deploy.0 = Release|x86
		{E4C4A92B-D71F-49B4-AB76-3F9375877325}.Ad-Hoc|ARM.ActiveCfg = Release|ARM
		{E4C4A92B-D71F-49B4-AB76-3F9375877325}.Ad-Hoc|ARM.Build.0 = Release|ARM
		{E4C4A92B-D71F-49B4-AB76-3F9375877325}.Ad-Hoc|ARM.Deploy.0 = Release|ARM
		{E4C4A92B-D71F-49B4-AB76-3F9375877325}.Ad-Hoc|iPhone.ActiveCfg = Release|x86
		{E4C4A92B-D71F-49B4-AB76-3F9375877325}.Ad-Hoc|iPhone.Build.0 = Release|x86
		{E4C4A92B-D71F-49B4-AB76-3F9375877325}.Ad-Hoc|iPhone.Deploy.0 = Release|x86
		{E4C4A92B-D71F-49B4-AB76-3F9375877325}.Ad-Hoc|iPhoneSimulator.ActiveCfg = Release|x86
		{E4C4A92B-D71F-49B4-AB76-3F9375877325}.Ad-Hoc|iPhoneSimulator.Build.0 = Release|x86
		{E4C4A92B-D71F-49B4-AB76-3F9375877325}.Ad-Hoc|iPhoneSimulator.Deploy.0 = Release|x86
		{E4C4A92B-D71F-49B4-AB76-3F9375877325}.Ad-Hoc|x64.ActiveCfg = Release|x64
		{E4C4A92B-D71F-49B4-AB76-3F9375877325}.Ad-Hoc|x64.Build.0 = Release|x64
		{E4C4A92B-D71F-49B4-AB76-3F9375877325}.Ad-Hoc|x64.Deploy.0 = Release|x64
		{E4C4A92B-D71F-49B4-AB76-3F9375877325}.Ad-Hoc|x86.ActiveCfg = Release|x86
		{E4C4A92B-D71F-49B4-AB76-3F9375877325}.Ad-Hoc|x86.Build.0 = Release|x86
		{E4C4A92B-D71F-49B4-AB76-3F9375877325}.Ad-Hoc|x86.Deploy.0 = Release|x86
		{E4C4A92B-D71F-49B4-AB76-3F9375877325}.AppStore|Any CPU.ActiveCfg = Release|x86
		{E4C4A92B-D71F-49B4-AB76-3F9375877325}.AppStore|Any CPU.Build.0 = Release|x86
		{E4C4A92B-D71F-49B4-AB76-3F9375877325}.AppStore|Any CPU.Deploy.0 = Release|x86
		{E4C4A92B-D71F-49B4-AB76-3F9375877325}.AppStore|ARM.ActiveCfg = Release|ARM
		{E4C4A92B-D71F-49B4-AB76-3F9375877325}.AppStore|ARM.Build.0 = Release|ARM
		{E4C4A92B-D71F-49B4-AB76-3F9375877325}.AppStore|ARM.Deploy.0 = Release|ARM
		{E4C4A92B-D71F-49B4-AB76-3F9375877325}.AppStore|iPhone.ActiveCfg = Release|x86
		{E4C4A92B-D71F-49B4-AB76-3F9375877325}.AppStore|iPhone.Build.0 = Release|x86
		{E4C4A92B-D71F-49B4-AB76-3F9375877325}.AppStore|iPhone.Deploy.0 = Release|x86
		{E4C4A92B-D71F-49B4-AB76-3F9375877325}.AppStore|iPhoneSimulator.ActiveCfg = Release|x86
		{E4C4A92B-D71F-49B4-AB76-3F9375877325}.AppStore|iPhoneSimulator.Build.0 = Release|x86
		{E4C4A92B-D71F-49B4-AB76-3F9375877325}.AppStore|iPhoneSimulator.Deploy.0 = Release|x86
		{E4C4A92B-D71F-49B4-AB76-3F9375877325}.AppStore|x64.ActiveCfg = Release|x64
		{E4C4A92B-D71F-49B4-AB76-3F9375877325}.AppStore|x64.Build.0 = Release|x64
		{E4C4A92B-D71F-49B4-AB76-3F9375877325}.AppStore|x64.Deploy.0 = Release|x64
		{E4C4A92B-D71F-49B4-AB76-3F9375877325}.AppStore|x86.ActiveCfg = Release|x86
		{E4C4A92B-D71F-49B4-AB76-3F9375877325}.AppStore|x86.Build.0 = Release|x86
		{E4C4A92B-D71F-49B4-AB76-3F9375877325}.AppStore|x86.Deploy.0 = Release|x86
		{E4C4A92B-D71F-49B4-AB76-3F9375877325}.Debug|Any CPU.ActiveCfg = Debug|x86
		{E4C4A92B-D71F-49B4-AB76-3F9375877325}.Debug|ARM.ActiveCfg = Debug|ARM
		{E4C4A92B-D71F-49B4-AB76-3F9375877325}.Debug|ARM.Build.0 = Debug|ARM
		{E4C4A92B-D71F-49B4-AB76-3F9375877325}.Debug|ARM.Deploy.0 = Debug|ARM
		{E4C4A92B-D71F-49B4-AB76-3F9375877325}.Debug|iPhone.ActiveCfg = Debug|x86
		{E4C4A92B-D71F-49B4-AB76-3F9375877325}.Debug|iPhoneSimulator.ActiveCfg = Debug|x86
		{E4C4A92B-D71F-49B4-AB76-3F9375877325}.Debug|x64.ActiveCfg = Debug|x64
		{E4C4A92B-D71F-49B4-AB76-3F9375877325}.Debug|x64.Build.0 = Debug|x64
		{E4C4A92B-D71F-49B4-AB76-3F9375877325}.Debug|x64.Deploy.0 = Debug|x64
		{E4C4A92B-D71F-49B4-AB76-3F9375877325}.Debug|x86.ActiveCfg = Debug|x86
		{E4C4A92B-D71F-49B4-AB76-3F9375877325}.Debug|x86.Build.0 = Debug|x86
		{E4C4A92B-D71F-49B4-AB76-3F9375877325}.Debug|x86.Deploy.0 = Debug|x86
		{E4C4A92B-D71F-49B4-AB76-3F9375877325}.Release|Any CPU.ActiveCfg = Release|x86
		{E4C4A92B-D71F-49B4-AB76-3F9375877325}.Release|ARM.ActiveCfg = Release|ARM
		{E4C4A92B-D71F-49B4-AB76-3F9375877325}.Release|ARM.Build.0 = Release|ARM
		{E4C4A92B-D71F-49B4-AB76-3F9375877325}.Release|ARM.Deploy.0 = Release|ARM
		{E4C4A92B-D71F-49B4-AB76-3F9375877325}.Release|iPhone.ActiveCfg = Release|x86
		{E4C4A92B-D71F-49B4-AB76-3F9375877325}.Release|iPhoneSimulator.ActiveCfg = Release|x86
		{E4C4A92B-D71F-49B4-AB76-3F9375877325}.Release|x64.ActiveCfg = Release|x64
		{E4C4A92B-D71F-49B4-AB76-3F9375877325}.Release|x64.Build.0 = Release|x64
		{E4C4A92B-D71F-49B4-AB76-3F9375877325}.Release|x64.Deploy.0 = Release|x64
		{E4C4A92B-D71F-49B4-AB76-3F9375877325}.Release|x86.ActiveCfg = Release|x86
		{E4C4A92B-D71F-49B4-AB76-3F9375877325}.Release|x86.Build.0 = Release|x86
		{E4C4A92B-D71F-49B4-AB76-3F9375877325}.Release|x86.Deploy.0 = Release|x86
	EndGlobalSection
	GlobalSection(SolutionProperties) = preSolution
		HideSolutionNode = FALSE
	EndGlobalSection
EndGlobal
